
Microsoft Visual Studio Solution File, Format Version 12.00
# Visual Studio Version 17
VisualStudioVersion = 17.13.35806.99 d17.13
MinimumVisualStudioVersion = 10.0.40219.1
Project("{FAE04EC0-301F-11D3-BF4B-00C04F79EFBC}") = "study20", "study20\study20.csproj", "{C2E32AA1-B9C2-4376-9C65-D5C59E3CB5CC}"
EndProject
Global
	GlobalSection(SolutionConfigurationPlatforms) = preSolution
		Debug|Any CPU = Debug|Any CPU
		Release|Any CPU = Release|Any CPU
	EndGlobalSection
	GlobalSection(ProjectConfigurationPlatforms) = postSolution
		{C2E32AA1-B9C2-4376-9C65-D5C59E3CB5CC}.Debug|Any CPU.ActiveCfg = Debug|Any CPU
		{C2E32AA1-B9C2-4376-9C65-D5C59E3CB5CC}.Debug|Any CPU.Build.0 = Debug|Any CPU
		{C2E32AA1-B9C2-4376-9C65-D5C59E3CB5CC}.Release|Any CPU.ActiveCfg = Release|Any CPU
		{C2E32AA1-B9C2-4376-9C65-D5C59E3CB5CC}.Release|Any CPU.Build.0 = Release|Any CPU
	EndGlobalSection
	GlobalSection(SolutionProperties) = preSolution
		HideSolutionNode = FALSE
	EndGlobalSection
	GlobalSection(ExtensibilityGlobals) = postSolution
		SolutionGuid = {2D8EEB36-69F4-4D18-AB2C-68694770EAC3}
	EndGlobalSection
EndGlobal
