Microsoft Visual Studio Solution File, Format Version 12.00
# Visual Studio Version 17
VisualStudioVersion = 17.13.35806.99
MinimumVisualStudioVersion = 10.0.40219.1
Project("{FAE04EC0-301F-11D3-BF4B-00C04F79EFBC}") = "TextRPGTask", "TextRPGTask\TextRPGTask.csproj", "{03145E82-57AD-4675-A07F-D25EAA1666C0}"
EndProject
Global
	GlobalSection(SolutionConfigurationPlatforms) = preSolution
		Debug|Any CPU = Debug|Any CPU
		Release|Any CPU = Release|Any CPU
	EndGlobalSection
	GlobalSection(ProjectConfigurationPlatforms) = postSolution
		{03145E82-57AD-4675-A07F-D25EAA1666C0}.Debug|Any CPU.ActiveCfg = Debug|Any CPU
		{03145E82-57AD-4675-A07F-D25EAA1666C0}.Debug|Any CPU.Build.0 = Debug|Any CPU
		{03145E82-57AD-4675-A07F-D25EAA1666C0}.Release|Any CPU.ActiveCfg = Release|Any CPU
		{03145E82-57AD-4675-A07F-D25EAA1666C0}.Release|Any CPU.Build.0 = Release|Any CPU
	EndGlobalSection
	GlobalSection(SolutionProperties) = preSolution
		HideSolutionNode = FALSE
	EndGlobalSection
	GlobalSection(ExtensibilityGlobals) = postSolution
		SolutionGuid = {7221B6E7-89A4-450D-9837-AFB6F358F857}
	EndGlobalSection
EndGlobal
